
Microsoft Visual Studio Solution File, Format Version 12.00
# Visual Studio Version 17
VisualStudioVersion = 17.3.32929.385
MinimumVisualStudioVersion = 10.0.40219.1
Project("{FAE04EC0-301F-11D3-BF4B-00C04F79EFBC}") = "HerroAdventure", "HerroAdventure\HerroAdventure.csproj", "{FA9C9423-8DF4-47A7-8FB4-6FD21D48028F}"
EndProject
Global
	GlobalSection(SolutionConfigurationPlatforms) = preSolution
		Debug|Any CPU = Debug|Any CPU
		Release|Any CPU = Release|Any CPU
	EndGlobalSection
	GlobalSection(ProjectConfigurationPlatforms) = postSolution
		{FA9C9423-8DF4-47A7-8FB4-6FD21D48028F}.Debug|Any CPU.ActiveCfg = Debug|Any CPU
		{FA9C9423-8DF4-47A7-8FB4-6FD21D48028F}.Debug|Any CPU.Build.0 = Debug|Any CPU
		{FA9C9423-8DF4-47A7-8FB4-6FD21D48028F}.Release|Any CPU.ActiveCfg = Release|Any CPU
		{FA9C9423-8DF4-47A7-8FB4-6FD21D48028F}.Release|Any CPU.Build.0 = Release|Any CPU
	EndGlobalSection
	GlobalSection(SolutionProperties) = preSolution
		HideSolutionNode = FALSE
	EndGlobalSection
	GlobalSection(ExtensibilityGlobals) = postSolution
		SolutionGuid = {DDC66D6F-4BD3-4262-B5A5-90378AE2C69D}
	EndGlobalSection
EndGlobal
